
Microsoft Visual Studio Solution File, Format Version 12.00
# Visual Studio Version 17
VisualStudioVersion = 17.5.002.0
MinimumVisualStudioVersion = 10.0.40219.1
Project("{9A19103F-16F7-4668-BE54-9A1E7A4F7556}") = "HelloWorldWebApi", "HelloWorldWebApi.csproj", "{21D01008-E2C0-464A-8ED2-55D3EF24C08A}"
EndProject
Global
	GlobalSection(SolutionConfigurationPlatforms) = preSolution
		Debug|Any CPU = Debug|Any CPU
		Release|Any CPU = Release|Any CPU
	EndGlobalSection
	GlobalSection(ProjectConfigurationPlatforms) = postSolution
		{21D01008-E2C0-464A-8ED2-55D3EF24C08A}.Debug|Any CPU.ActiveCfg = Debug|Any CPU
		{21D01008-E2C0-464A-8ED2-55D3EF24C08A}.Debug|Any CPU.Build.0 = Debug|Any CPU
		{21D01008-E2C0-464A-8ED2-55D3EF24C08A}.Release|Any CPU.ActiveCfg = Release|Any CPU
		{21D01008-E2C0-464A-8ED2-55D3EF24C08A}.Release|Any CPU.Build.0 = Release|Any CPU
	EndGlobalSection
	GlobalSection(SolutionProperties) = preSolution
		HideSolutionNode = FALSE
	EndGlobalSection
	GlobalSection(ExtensibilityGlobals) = postSolution
		SolutionGuid = {8FA87074-6684-470A-81C7-58FF296F3526}
	EndGlobalSection
EndGlobal
